
Microsoft Visual Studio Solution File, Format Version 10.00
# Visual Studio 2008
Project("{F184B08F-C81C-45F6-A57F-5ABD9991F28F}") = "sms-mail-project", "sms-mail-project\sms-mail-project.vbproj", "{577AE984-C5A1-4C51-B9DC-4C7ADE85D2FB}"
EndProject
Global
	GlobalSection(SolutionConfigurationPlatforms) = preSolution
		Debug|Any CPU = Debug|Any CPU
		Release|Any CPU = Release|Any CPU
	EndGlobalSection
	GlobalSection(ProjectConfigurationPlatforms) = postSolution
		{577AE984-C5A1-4C51-B9DC-4C7ADE85D2FB}.Debug|Any CPU.ActiveCfg = Debug|Any CPU
		{577AE984-C5A1-4C51-B9DC-4C7ADE85D2FB}.Debug|Any CPU.Build.0 = Debug|Any CPU
		{577AE984-C5A1-4C51-B9DC-4C7ADE85D2FB}.Release|Any CPU.ActiveCfg = Release|Any CPU
		{577AE984-C5A1-4C51-B9DC-4C7ADE85D2FB}.Release|Any CPU.Build.0 = Release|Any CPU
	EndGlobalSection
	GlobalSection(SolutionProperties) = preSolution
		HideSolutionNode = FALSE
	EndGlobalSection
EndGlobal
